# This file is automatically @generated by Cargo.
# It is not intended for manual editing.
version = 4

[[package]]
name = "noxd"
version = "0.1.0"

[[package]]
name = "nx-kernel"
version = "0.1.0"
dependencies = [
 "pnx-kernel",
]

[[package]]
name = "nx-runtime"
version = "0.1.0"

[[package]]
name = "pnx-kernel"
version = "0.1.0"
